using System;
using System.Collections.Generic;
using System.Linq;
using System.Text;
using System.Threading.Tasks;

namespace Restaurant365CodeChallenge
{
    public class Program
    {
        static void Main(string[] args)
        {
            int newNum = 0;

            //User enters numbers
            Console.WriteLine("Enter numbers to add seperated by commas: ");

            string userNums = Console.ReadLine();

            //Split string value entered to have the different numbers
            string[] values = userNums.Split(',');

            //Throw exception if there is two or more numbers entered
            if (values.Length > 2)
            {
                throw (new NumberMaxException("More than two numbers"));
            }

            //for loop that adds the numbers together
            for (int i = 0; i < values.Length; i++)
            {

                newNum = newNum + Convert.ToInt32(values[i]);
            }

            //Prints off result to user
            Console.WriteLine("Calculation complete. Number is: " + newNum);
            Console.ReadLine();
        }
    }

    //Created exceptiont for too many numbers
    public class NumberMaxException : Exception
    {
        public NumberMaxException(string message) : base(message)
        {
        }
    }
}