using System;
using System.Collections.Generic;
using System.Linq;
using System.Text;
using System.Threading.Tasks;

namespace Restaurant365CodeChallenge
{
    public class Program
    {
        static void Main(string[] args)
        {
            //declare variables
            int newNum = 0;
            char newDelimiterChar;

            //user input custom delimiter and numbers
            Console.WriteLine("Enter a custom deliverable and numbers to add: ");
            string userNums = Console.ReadLine();

            //Find the custom character delimiter
            newDelimiterChar = userNums[3];

            //split the entered string by a comma, \n, or a custom character
            string[] values = userNums.Split(new String[] { ",", "\\n", Convert.ToString(newDelimiterChar) }, StringSplitOptions.None);

            //for loop to add up the new numbers
            for (int i = 0; i < values.Length; i++)
            {
                newNum = newNum + Convert.ToInt32(values[i]);
            }

            //Prints solution to the user
            Console.WriteLine("Calculation complete. Number is: " + newNum);
            Console.ReadLine();
        }
    }
}

